
Microsoft Visual Studio Solution File, Format Version 12.00
# Visual Studio Version 17
VisualStudioVersion = 17.14.36518.9 d17.14
MinimumVisualStudioVersion = 10.0.40219.1
Project("{FAE04EC0-301F-11D3-BF4B-00C04F79EFBC}") = "lba222222222", "lba222222222\lba222222222.csproj", "{999F6130-B0C3-4664-A168-E265AFD7D50C}"
EndProject
Global
	GlobalSection(SolutionConfigurationPlatforms) = preSolution
		Debug|Any CPU = Debug|Any CPU
		Release|Any CPU = Release|Any CPU
	EndGlobalSection
	GlobalSection(ProjectConfigurationPlatforms) = postSolution
		{999F6130-B0C3-4664-A168-E265AFD7D50C}.Debug|Any CPU.ActiveCfg = Debug|Any CPU
		{999F6130-B0C3-4664-A168-E265AFD7D50C}.Debug|Any CPU.Build.0 = Debug|Any CPU
		{999F6130-B0C3-4664-A168-E265AFD7D50C}.Release|Any CPU.ActiveCfg = Release|Any CPU
		{999F6130-B0C3-4664-A168-E265AFD7D50C}.Release|Any CPU.Build.0 = Release|Any CPU
	EndGlobalSection
	GlobalSection(SolutionProperties) = preSolution
		HideSolutionNode = FALSE
	EndGlobalSection
	GlobalSection(ExtensibilityGlobals) = postSolution
		SolutionGuid = {A4DE127E-2F20-4C1A-AD28-16F36145756E}
	EndGlobalSection
EndGlobal
